// !$*UTF8*$!
{
	archiveVersion = 1;
	classes = {
	};
	objectVersion = 50;
	objects = {

/* Begin PBXBuildFile section */
		217E2E7722F175C700422EA3 /* AppDelegate.swift in Sources */ = {isa = PBXBuildFile; fileRef = 217E2E7622F175C700422EA3 /* AppDelegate.swift */; };
		217E2E7922F175C700422EA3 /* ViewController.swift in Sources */ = {isa = PBXBuildFile; fileRef = 217E2E7822F175C700422EA3 /* ViewController.swift */; };
		217E2E7C22F175C700422EA3 /* Main.storyboard in Resources */ = {isa = PBXBuildFile; fileRef = 217E2E7A22F175C700422EA3 /* Main.storyboard */; };
		217E2E7E22F175C900422EA3 /* Assets.xcassets in Resources */ = {isa = PBXBuildFile; fileRef = 217E2E7D22F175C900422EA3 /* Assets.xcassets */; };
		217E2E8122F175C900422EA3 /* LaunchScreen.storyboard in Resources */ = {isa = PBXBuildFile; fileRef = 217E2E7F22F175C900422EA3 /* LaunchScreen.storyboard */; };
		217E2E8922F1764300422EA3 /* BarChartView.swift in Sources */ = {isa = PBXBuildFile; fileRef = 217E2E8822F1764300422EA3 /* BarChartView.swift */; };
		217E2E8B22F18D2F00422EA3 /* UIColor+Extension.swift in Sources */ = {isa = PBXBuildFile; fileRef = 217E2E8A22F18D2F00422EA3 /* UIColor+Extension.swift */; };
		217E2E8D22F18F2D00422EA3 /* GridData.swift in Sources */ = {isa = PBXBuildFile; fileRef = 217E2E8C22F18F2D00422EA3 /* GridData.swift */; };
		217E2E8F22F1A36700422EA3 /* BarEntry.swift in Sources */ = {isa = PBXBuildFile; fileRef = 217E2E8E22F1A36700422EA3 /* BarEntry.swift */; };
/* End PBXBuildFile section */

/* Begin PBXFileReference section */
		217E2E7322F175C700422EA3 /* CGChart.app */ = {isa = PBXFileReference; explicitFileType = wrapper.application; includeInIndex = 0; path = CGChart.app; sourceTree = BUILT_PRODUCTS_DIR; };
		217E2E7622F175C700422EA3 /* AppDelegate.swift */ = {isa = PBXFileReference; lastKnownFileType = sourcecode.swift; path = AppDelegate.swift; sourceTree = "<group>"; };
		217E2E7822F175C700422EA3 /* ViewController.swift */ = {isa = PBXFileReference; lastKnownFileType = sourcecode.swift; path = ViewController.swift; sourceTree = "<group>"; };
		217E2E7B22F175C700422EA3 /* Base */ = {isa = PBXFileReference; lastKnownFileType = file.storyboard; name = Base; path = Base.lproj/Main.storyboard; sourceTree = "<group>"; };
		217E2E7D22F175C900422EA3 /* Assets.xcassets */ = {isa = PBXFileReference; lastKnownFileType = folder.assetcatalog; path = Assets.xcassets; sourceTree = "<group>"; };
		217E2E8022F175C900422EA3 /* Base */ = {isa = PBXFileReference; lastKnownFileType = file.storyboard; name = Base; path = Base.lproj/LaunchScreen.storyboard; sourceTree = "<group>"; };
		217E2E8222F175C900422EA3 /* Info.plist */ = {isa = PBXFileReference; lastKnownFileType = text.plist.xml; path = Info.plist; sourceTree = "<group>"; };
		217E2E8822F1764300422EA3 /* BarChartView.swift */ = {isa = PBXFileReference; lastKnownFileType = sourcecode.swift; path = BarChartView.swift; sourceTree = "<group>"; };
		217E2E8A22F18D2F00422EA3 /* UIColor+Extension.swift */ = {isa = PBXFileReference; lastKnownFileType = sourcecode.swift; path = "UIColor+Extension.swift"; sourceTree = "<group>"; };
		217E2E8C22F18F2D00422EA3 /* GridData.swift */ = {isa = PBXFileReference; lastKnownFileType = sourcecode.swift; path = GridData.swift; sourceTree = "<group>"; };
		217E2E8E22F1A36700422EA3 /* BarEntry.swift */ = {isa = PBXFileReference; lastKnownFileType = sourcecode.swift; path = BarEntry.swift; sourceTree = "<group>"; };
/* End PBXFileReference section */

/* Begin PBXFrameworksBuildPhase section */
		217E2E7022F175C700422EA3 /* Frameworks */ = {
			isa = PBXFrameworksBuildPhase;
			buildActionMask = 2147483647;
			files = (
			);
			runOnlyForDeploymentPostprocessing = 0;
		};
/* End PBXFrameworksBuildPhase section */

/* Begin PBXGroup section */
		217E2E6A22F175C700422EA3 = {
			isa = PBXGroup;
			children = (
				217E2E7522F175C700422EA3 /* CGChart */,
				217E2E7422F175C700422EA3 /* Products */,
			);
			sourceTree = "<group>";
		};
		217E2E7422F175C700422EA3 /* Products */ = {
			isa = PBXGroup;
			children = (
				217E2E7322F175C700422EA3 /* CGChart.app */,
			);
			name = Products;
			sourceTree = "<group>";
		};
		217E2E7522F175C700422EA3 /* CGChart */ = {
			isa = PBXGroup;
			children = (
				217E2E7622F175C700422EA3 /* AppDelegate.swift */,
				217E2E7822F175C700422EA3 /* ViewController.swift */,
				217E2E7A22F175C700422EA3 /* Main.storyboard */,
				217E2E7D22F175C900422EA3 /* Assets.xcassets */,
				217E2E7F22F175C900422EA3 /* LaunchScreen.storyboard */,
				217E2E8222F175C900422EA3 /* Info.plist */,
				217E2E8822F1764300422EA3 /* BarChartView.swift */,
				217E2E8A22F18D2F00422EA3 /* UIColor+Extension.swift */,
				217E2E8C22F18F2D00422EA3 /* GridData.swift */,
				217E2E8E22F1A36700422EA3 /* BarEntry.swift */,
			);
			path = CGChart;
			sourceTree = "<group>";
		};
/* End PBXGroup section */

/* Begin PBXNativeTarget section */
		217E2E7222F175C700422EA3 /* CGChart */ = {
			isa = PBXNativeTarget;
			buildConfigurationList = 217E2E8522F175C900422EA3 /* Build configuration list for PBXNativeTarget "CGChart" */;
			buildPhases = (
				217E2E6F22F175C700422EA3 /* Sources */,
				217E2E7022F175C700422EA3 /* Frameworks */,
				217E2E7122F175C700422EA3 /* Resources */,
			);
			buildRules = (
			);
			dependencies = (
			);
			name = CGChart;
			productName = CGChart;
			productReference = 217E2E7322F175C700422EA3 /* CGChart.app */;
			productType = "com.apple.product-type.application";
		};
/* End PBXNativeTarget section */

/* Begin PBXProject section */
		217E2E6B22F175C700422EA3 /* Project object */ = {
			isa = PBXProject;
			attributes = {
				LastSwiftUpdateCheck = 1030;
				LastUpgradeCheck = 1030;
				ORGANIZATIONNAME = Vinsol;
				TargetAttributes = {
					217E2E7222F175C700422EA3 = {
						CreatedOnToolsVersion = 10.3;
					};
				};
			};
			buildConfigurationList = 217E2E6E22F175C700422EA3 /* Build configuration list for PBXProject "CGChart" */;
			compatibilityVersion = "Xcode 9.3";
			developmentRegion = en;
			hasScannedForEncodings = 0;
			knownRegions = (
				en,
				Base,
			);
			mainGroup = 217E2E6A22F175C700422EA3;
			productRefGroup = 217E2E7422F175C700422EA3 /* Products */;
			projectDirPath = "";
			projectRoot = "";
			targets = (
				217E2E7222F175C700422EA3 /* CGChart */,
			);
		};
/* End PBXProject section */

/* Begin PBXResourcesBuildPhase section */
		217E2E7122F175C700422EA3 /* Resources */ = {
			isa = PBXResourcesBuildPhase;
			buildActionMask = 2147483647;
			files = (
				217E2E8122F175C900422EA3 /* LaunchScreen.storyboard in Resources */,
				217E2E7E22F175C900422EA3 /* Assets.xcassets in Resources */,
				217E2E7C22F175C700422EA3 /* Main.storyboard in Resources */,
			);
			runOnlyForDeploymentPostprocessing = 0;
		};
/* End PBXResourcesBuildPhase section */

/* Begin PBXSourcesBuildPhase section */
		217E2E6F22F175C700422EA3 /* Sources */ = {
			isa = PBXSourcesBuildPhase;
			buildActionMask = 2147483647;
			files = (
				217E2E8F22F1A36700422EA3 /* BarEntry.swift in Sources */,
				217E2E7922F175C700422EA3 /* ViewController.swift in Sources */,
				217E2E7722F175C700422EA3 /* AppDelegate.swift in Sources */,
				217E2E8922F1764300422EA3 /* BarChartView.swift in Sources */,
				217E2E8D22F18F2D00422EA3 /* GridData.swift in Sources */,
				217E2E8B22F18D2F00422EA3 /* UIColor+Extension.swift in Sources */,
			);
			runOnlyForDeploymentPostprocessing = 0;
		};
/* End PBXSourcesBuildPhase section */

/* Begin PBXVariantGroup section */
		217E2E7A22F175C700422EA3 /* Main.storyboard */ = {
			isa = PBXVariantGroup;
			children = (
				217E2E7B22F175C700422EA3 /* Base */,
			);
			name = Main.storyboard;
			sourceTree = "<group>";
		};
		217E2E7F22F175C900422EA3 /* LaunchScreen.storyboard */ = {
			isa = PBXVariantGroup;
			children = (
				217E2E8022F175C900422EA3 /* Base */,
			);
			name = LaunchScreen.storyboard;
			sourceTree = "<group>";
		};
/* End PBXVariantGroup section */

/* Begin XCBuildConfiguration section */
		217E2E8322F175C900422EA3 /* Debug */ = {
			isa = XCBuildConfiguration;
			buildSettings = {
				ALWAYS_SEARCH_USER_PATHS = NO;
				CLANG_ANALYZER_NONNULL = YES;
				CLANG_ANALYZER_NUMBER_OBJECT_CONVERSION = YES_AGGRESSIVE;
				CLANG_CXX_LANGUAGE_STANDARD = "gnu++14";
				CLANG_CXX_LIBRARY = "libc++";
				CLANG_ENABLE_MODULES = YES;
				CLANG_ENABLE_OBJC_ARC = YES;
				CLANG_ENABLE_OBJC_WEAK = YES;
				CLANG_WARN_BLOCK_CAPTURE_AUTORELEASING = YES;
				CLANG_WARN_BOOL_CONVERSION = YES;
				CLANG_WARN_COMMA = YES;
				CLANG_WARN_CONSTANT_CONVERSION = YES;
				CLANG_WARN_DEPRECATED_OBJC_IMPLEMENTATIONS = YES;
				CLANG_WARN_DIRECT_OBJC_ISA_USAGE = YES_ERROR;
				CLANG_WARN_DOCUMENTATION_COMMENTS = YES;
				CLANG_WARN_EMPTY_BODY = YES;
				CLANG_WARN_ENUM_CONVERSION = YES;
				CLANG_WARN_INFINITE_RECURSION = YES;
				CLANG_WARN_INT_CONVERSION = YES;
				CLANG_WARN_NON_LITERAL_NULL_CONVERSION = YES;
				CLANG_WARN_OBJC_IMPLICIT_RETAIN_SELF = YES;
				CLANG_WARN_OBJC_LITERAL_CONVERSION = YES;
				CLANG_WARN_OBJC_ROOT_CLASS = YES_ERROR;
				CLANG_WARN_RANGE_LOOP_ANALYSIS = YES;
				CLANG_WARN_STRICT_PROTOTYPES = YES;
				CLANG_WARN_SUSPICIOUS_MOVE = YES;
				CLANG_WARN_UNGUARDED_AVAILABILITY = YES_AGGRESSIVE;
				CLANG_WARN_UNREACHABLE_CODE = YES;
				CLANG_WARN__DUPLICATE_METHOD_MATCH = YES;
				CODE_SIGN_IDENTITY = "iPhone Developer";
				COPY_PHASE_STRIP = NO;
				DEBUG_INFORMATION_FORMAT = dwarf;
				ENABLE_STRICT_OBJC_MSGSEND = YES;
				ENABLE_TESTABILITY = YES;
				GCC_C_LANGUAGE_STANDARD = gnu11;
				GCC_DYNAMIC_NO_PIC = NO;
				GCC_NO_COMMON_BLOCKS = YES;
				GCC_OPTIMIZATION_LEVEL = 0;
				GCC_PREPROCESSOR_DEFINITIONS = (
					"DEBUG=1",
					"$(inherited)",
				);
				GCC_WARN_64_TO_32_BIT_CONVERSION = YES;
				GCC_WARN_ABOUT_RETURN_TYPE = YES_ERROR;
				GCC_WARN_UNDECLARED_SELECTOR = YES;
				GCC_WARN_UNINITIALIZED_AUTOS = YES_AGGRESSIVE;
				GCC_WARN_UNUSED_FUNCTION = YES;
				GCC_WARN_UNUSED_VARIABLE = YES;
				IPHONEOS_DEPLOYMENT_TARGET = 12.4;
				MTL_ENABLE_DEBUG_INFO = INCLUDE_SOURCE;
				MTL_FAST_MATH = YES;
				ONLY_ACTIVE_ARCH = YES;
				SDKROOT = iphoneos;
				SWIFT_ACTIVE_COMPILATION_CONDITIONS = DEBUG;
				SWIFT_OPTIMIZATION_LEVEL = "-Onone";
			};
			name = Debug;
		};
		217E2E8422F175C900422EA3 /* Release */ = {
			isa = XCBuildConfiguration;
			buildSettings = {
				ALWAYS_SEARCH_USER_PATHS = NO;
				CLANG_ANALYZER_NONNULL = YES;
				CLANG_ANALYZER_NUMBER_OBJECT_CONVERSION = YES_AGGRESSIVE;
				CLANG_CXX_LANGUAGE_STANDARD = "gnu++14";
				CLANG_CXX_LIBRARY = "libc++";
				CLANG_ENABLE_MODULES = YES;
				CLANG_ENABLE_OBJC_ARC = YES;
				CLANG_ENABLE_OBJC_WEAK = YES;
				CLANG_WARN_BLOCK_CAPTURE_AUTORELEASING = YES;
				CLANG_WARN_BOOL_CONVERSION = YES;
				CLANG_WARN_COMMA = YES;
				CLANG_WARN_CONSTANT_CONVERSION = YES;
				CLANG_WARN_DEPRECATED_OBJC_IMPLEMENTATIONS = YES;
				CLANG_WARN_DIRECT_OBJC_ISA_USAGE = YES_ERROR;
				CLANG_WARN_DOCUMENTATION_COMMENTS = YES;
				CLANG_WARN_EMPTY_BODY = YES;
				CLANG_WARN_ENUM_CONVERSION = YES;
				CLANG_WARN_INFINITE_RECURSION = YES;
				CLANG_WARN_INT_CONVERSION = YES;
				CLANG_WARN_NON_LITERAL_NULL_CONVERSION = YES;
				CLANG_WARN_OBJC_IMPLICIT_RETAIN_SELF = YES;
				CLANG_WARN_OBJC_LITERAL_CONVERSION = YES;
				CLANG_WARN_OBJC_ROOT_CLASS = YES_ERROR;
				CLANG_WARN_RANGE_LOOP_ANALYSIS = YES;
				CLANG_WARN_STRICT_PROTOTYPES = YES;
				CLANG_WARN_SUSPICIOUS_MOVE = YES;
				CLANG_WARN_UNGUARDED_AVAILABILITY = YES_AGGRESSIVE;
				CLANG_WARN_UNREACHABLE_CODE = YES;
				CLANG_WARN__DUPLICATE_METHOD_MATCH = YES;
				CODE_SIGN_IDENTITY = "iPhone Developer";
				COPY_PHASE_STRIP = NO;
				DEBUG_INFORMATION_FORMAT = "dwarf-with-dsym";
				ENABLE_NS_ASSERTIONS = NO;
				ENABLE_STRICT_OBJC_MSGSEND = YES;
				GCC_C_LANGUAGE_STANDARD = gnu11;
				GCC_NO_COMMON_BLOCKS = YES;
				GCC_WARN_64_TO_32_BIT_CONVERSION = YES;
				GCC_WARN_ABOUT_RETURN_TYPE = YES_ERROR;
				GCC_WARN_UNDECLARED_SELECTOR = YES;
				GCC_WARN_UNINITIALIZED_AUTOS = YES_AGGRESSIVE;
				GCC_WARN_UNUSED_FUNCTION = YES;
				GCC_WARN_UNUSED_VARIABLE = YES;
				IPHONEOS_DEPLOYMENT_TARGET = 12.4;
				MTL_ENABLE_DEBUG_INFO = NO;
				MTL_FAST_MATH = YES;
				SDKROOT = iphoneos;
				SWIFT_COMPILATION_MODE = wholemodule;
				SWIFT_OPTIMIZATION_LEVEL = "-O";
				VALIDATE_PRODUCT = YES;
			};
			name = Release;
		};
		217E2E8622F175C900422EA3 /* Debug */ = {
			isa = XCBuildConfiguration;
			buildSettings = {
				ASSETCATALOG_COMPILER_APPICON_NAME = AppIcon;
				CODE_SIGN_STYLE = Automatic;
				DEVELOPMENT_TEAM = JFT56DS286;
				INFOPLIST_FILE = CGChart/Info.plist;
				LD_RUNPATH_SEARCH_PATHS = (
					"$(inherited)",
					"@executable_path/Frameworks",
				);
				PRODUCT_BUNDLE_IDENTIFIER = com.rani.CGChart;
				PRODUCT_NAME = "$(TARGET_NAME)";
				SWIFT_VERSION = 5.0;
				TARGETED_DEVICE_FAMILY = "1,2";
			};
			name = Debug;
		};
		217E2E8722F175C900422EA3 /* Release */ = {
			isa = XCBuildConfiguration;
			buildSettings = {
				ASSETCATALOG_COMPILER_APPICON_NAME = AppIcon;
				CODE_SIGN_STYLE = Automatic;
				DEVELOPMENT_TEAM = JFT56DS286;
				INFOPLIST_FILE = CGChart/Info.plist;
				LD_RUNPATH_SEARCH_PATHS = (
					"$(inherited)",
					"@executable_path/Frameworks",
				);
				PRODUCT_BUNDLE_IDENTIFIER = com.rani.CGChart;
				PRODUCT_NAME = "$(TARGET_NAME)";
				SWIFT_VERSION = 5.0;
				TARGETED_DEVICE_FAMILY = "1,2";
			};
			name = Release;
		};
/* End XCBuildConfiguration section */

/* Begin XCConfigurationList section */
		217E2E6E22F175C700422EA3 /* Build configuration list for PBXProject "CGChart" */ = {
			isa = XCConfigurationList;
			buildConfigurations = (
				217E2E8322F175C900422EA3 /* Debug */,
				217E2E8422F175C900422EA3 /* Release */,
			);
			defaultConfigurationIsVisible = 0;
			defaultConfigurationName = Release;
		};
		217E2E8522F175C900422EA3 /* Build configuration list for PBXNativeTarget "CGChart" */ = {
			isa = XCConfigurationList;
			buildConfigurations = (
				217E2E8622F175C900422EA3 /* Debug */,
				217E2E8722F175C900422EA3 /* Release */,
			);
			defaultConfigurationIsVisible = 0;
			defaultConfigurationName = Release;
		};
/* End XCConfigurationList section */
	};
	rootObject = 217E2E6B22F175C700422EA3 /* Project object */;
}
